
Microsoft Visual Studio Solution File, Format Version 11.00
# Visual Studio 2010
Project("{FAE04EC0-301F-11D3-BF4B-00C04F79EFBC}") = "Mavention.VisualStudio.ImportListInstance", "Mavention.VisualStudio.ImportListInstance\Mavention.VisualStudio.ImportListInstance.csproj", "{6E595CFE-810F-4E53-8115-6E45EB059425}"
EndProject
Project("{FAE04EC0-301F-11D3-BF4B-00C04F79EFBC}") = "Mavention.VisualStudio.ImportListInstance.Commands", "Mavention.VisualStudio.ImportListInstance.Commands\Mavention.VisualStudio.ImportListInstance.Commands.csproj", "{486AA2D8-86D7-4691-A08F-20766A16A453}"
EndProject
Global
	GlobalSection(TeamFoundationVersionControl) = preSolution
		SccNumberOfProjects = 3
		SccEnterpriseProvider = {4CA58AB2-18FA-4F8D-95D4-32DDF27D184C}
		SccTeamFoundationServer = https://tfs.mavention.nl/tfs/mavention
		SccLocalPath0 = .
		SccProjectUniqueName1 = Mavention.VisualStudio.ImportListInstance.Commands\\Mavention.VisualStudio.ImportListInstance.Commands.csproj
		SccProjectName1 = Mavention.VisualStudio.ImportListInstance.Commands
		SccLocalPath1 = Mavention.VisualStudio.ImportListInstance.Commands
		SccProjectUniqueName2 = Mavention.VisualStudio.ImportListInstance\\Mavention.VisualStudio.ImportListInstance.csproj
		SccProjectName2 = Mavention.VisualStudio.ImportListInstance
		SccLocalPath2 = Mavention.VisualStudio.ImportListInstance
	EndGlobalSection
	GlobalSection(SolutionConfigurationPlatforms) = preSolution
		Debug|Any CPU = Debug|Any CPU
		Release|Any CPU = Release|Any CPU
	EndGlobalSection
	GlobalSection(ProjectConfigurationPlatforms) = postSolution
		{6E595CFE-810F-4E53-8115-6E45EB059425}.Debug|Any CPU.ActiveCfg = Debug|Any CPU
		{6E595CFE-810F-4E53-8115-6E45EB059425}.Debug|Any CPU.Build.0 = Debug|Any CPU
		{6E595CFE-810F-4E53-8115-6E45EB059425}.Release|Any CPU.ActiveCfg = Release|Any CPU
		{6E595CFE-810F-4E53-8115-6E45EB059425}.Release|Any CPU.Build.0 = Release|Any CPU
		{486AA2D8-86D7-4691-A08F-20766A16A453}.Debug|Any CPU.ActiveCfg = Debug|Any CPU
		{486AA2D8-86D7-4691-A08F-20766A16A453}.Debug|Any CPU.Build.0 = Debug|Any CPU
		{486AA2D8-86D7-4691-A08F-20766A16A453}.Release|Any CPU.ActiveCfg = Release|Any CPU
		{486AA2D8-86D7-4691-A08F-20766A16A453}.Release|Any CPU.Build.0 = Release|Any CPU
	EndGlobalSection
	GlobalSection(SolutionProperties) = preSolution
		HideSolutionNode = FALSE
	EndGlobalSection
EndGlobal
